github.com/aws/aws-sdk-go v1.19.24 h1:qOIYaFxcFg07Vdn799ERpGiuUUIEi5MQ2vYib3CNMp4=
github.com/aws/aws-sdk-go v1.19.24/go.mod h1:KmX6BPdI08NWTb3/sm4ZGu5ShLoqVDhKgpiN924inxo=
github.com/cenkalti/backoff v0.0.0-20190506075156-2146c9339422 h1:+FKjzBIdfBHYDvxCv+djmDJdes/AoDtg8gpcxowBlF8=
github.com/cenkalti/backoff v0.0.0-20190506075156-2146c9339422/go.mod h1:b6Nc7NRH5C4aCISLry0tLnTjcuTEvoiqcWDdsU0sOGM=
github.com/jmespath/go-jmespath v0.0.0-20180206201540-c2b33e8439af h1:pmfjZENx5imkbgOkpRUYLnmbU7UEFbjtDA2hxJ1ichM=
github.com/jmespath/go-jmespath v0.0.0-20180206201540-c2b33e8439af/go.mod h1:Nht3zPeWKUH0NzdCt2Blrr5ys8VGpn0CEB0cQHVjt7k=
